<?xml version="1.0" encoding="utf-8"?>
<Project ToolsVersion="4.0" xmlns="http://schemas.microsoft.com/developer/msbuild/2003">
  <ItemGroup>
    <Filter Include="源文件">
      <UniqueIdentifier>{4FC737F1-C7A5-4376-A066-2A32D752A2FF}</UniqueIdentifier>
      <Extensions>cpp;c;cc;cxx;c++;cppm;ixx;def;odl;idl;hpj;bat;asm;asmx</Extensions>
    </Filter>
    <Filter Include="头文件">
      <UniqueIdentifier>{93995380-89BD-4b04-88EB-625FBE52EBFB}</UniqueIdentifier>
      <Extensions>h;hh;hpp;hxx;h++;hm;inl;inc;ipp;xsd</Extensions>
    </Filter>
    <Filter Include="资源文件">
      <UniqueIdentifier>{67DA6AB6-F800-4c08-8B7A-83BB121AAD01}</UniqueIdentifier>
      <Extensions>rc;ico;cur;bmp;dlg;rc2;rct;bin;rgs;gif;jpg;jpeg;jpe;resx;tiff;tif;png;wav;mfcribbon-ms</Extensions>
    </Filter>
    <Filter Include="filter">
      <UniqueIdentifier>{7d34e575-c22c-49c9-9199-ddb81f866a8e}</UniqueIdentifier>
    </Filter>
    <Filter Include="audio-mix">
      <UniqueIdentifier>{db061b4f-e662-4570-b616-899ae39f0660}</UniqueIdentifier>
    </Filter>
  </ItemGroup>
  <ItemGroup>
    <ClCompile Include="main.cpp">
      <Filter>源文件</Filter>
    </ClCompile>
    <ClCompile Include="videoencoder.cpp">
      <Filter>源文件</Filter>
    </ClCompile>
    <ClCompile Include="audioencoder.cpp">
      <Filter>源文件</Filter>
    </ClCompile>
    <ClCompile Include="muxer.cpp">
      <Filter>源文件</Filter>
    </ClCompile>
    <ClCompile Include="audioresampler.cpp">
      <Filter>源文件</Filter>
    </ClCompile>
    <ClCompile Include="muxing_mp4.cpp">
      <Filter>源文件</Filter>
    </ClCompile>
    <ClCompile Include="audio-mix\audiomixer.cpp">
      <Filter>audio-mix</Filter>
    </ClCompile>
  </ItemGroup>
  <ItemGroup>
    <ClInclude Include="08-03-muxing_flv-ffmpeg4x.h">
      <Filter>源文件</Filter>
    </ClInclude>
    <ClInclude Include="videoencoder.h">
      <Filter>源文件</Filter>
    </ClInclude>
    <ClInclude Include="audioencoder.h">
      <Filter>源文件</Filter>
    </ClInclude>
    <ClInclude Include="audioresampler.h">
      <Filter>源文件</Filter>
    </ClInclude>
    <ClInclude Include="muxer.h">
      <Filter>源文件</Filter>
    </ClInclude>
    <ClInclude Include="muxing_mp4.h">
      <Filter>源文件</Filter>
    </ClInclude>
    <ClInclude Include="09-02-video-watermark.h">
      <Filter>filter</Filter>
    </ClInclude>
    <ClInclude Include="audio-mix\audio_mix.h">
      <Filter>audio-mix</Filter>
    </ClInclude>
    <ClInclude Include="audio-mix\audiomixer.h">
      <Filter>audio-mix</Filter>
    </ClInclude>
  </ItemGroup>
</Project>